// !$*UTF8*$!
{
	archiveVersion = 1;
	classes = {
	};
	objectVersion = 46;
	objects = {

/* Begin PBXBuildFile section */
		F93AC3891B5B40D200EAFBEC /* AppDelegate.swift in Sources */ = {isa = PBXBuildFile; fileRef = F93AC3881B5B40D200EAFBEC /* AppDelegate.swift */; };
		F93AC38B1B5B40D200EAFBEC /* ViewController.swift in Sources */ = {isa = PBXBuildFile; fileRef = F93AC38A1B5B40D200EAFBEC /* ViewController.swift */; };
		F93AC38E1B5B40D200EAFBEC /* Main.storyboard in Resources */ = {isa = PBXBuildFile; fileRef = F93AC38C1B5B40D200EAFBEC /* Main.storyboard */; };
		F93AC3901B5B40D200EAFBEC /* Assets.xcassets in Resources */ = {isa = PBXBuildFile; fileRef = F93AC38F1B5B40D200EAFBEC /* Assets.xcassets */; };
		F93AC3931B5B40D200EAFBEC /* LaunchScreen.storyboard in Resources */ = {isa = PBXBuildFile; fileRef = F93AC3911B5B40D200EAFBEC /* LaunchScreen.storyboard */; };
/* End PBXBuildFile section */

/* Begin PBXFileReference section */
		F93AC3851B5B40D200EAFBEC /* Weather.app */ = {isa = PBXFileReference; explicitFileType = wrapper.application; includeInIndex = 0; path = Weather.app; sourceTree = BUILT_PRODUCTS_DIR; };
		F93AC3881B5B40D200EAFBEC /* AppDelegate.swift */ = {isa = PBXFileReference; lastKnownFileType = sourcecode.swift; path = AppDelegate.swift; sourceTree = "<group>"; };
		F93AC38A1B5B40D200EAFBEC /* ViewController.swift */ = {isa = PBXFileReference; lastKnownFileType = sourcecode.swift; path = ViewController.swift; sourceTree = "<group>"; };
		F93AC38D1B5B40D200EAFBEC /* Base */ = {isa = PBXFileReference; lastKnownFileType = file.storyboard; name = Base; path = Base.lproj/Main.storyboard; sourceTree = "<group>"; };
		F93AC38F1B5B40D200EAFBEC /* Assets.xcassets */ = {isa = PBXFileReference; lastKnownFileType = folder.assetcatalog; path = Assets.xcassets; sourceTree = "<group>"; };
		F93AC3921B5B40D200EAFBEC /* Base */ = {isa = PBXFileReference; lastKnownFileType = file.storyboard; name = Base; path = Base.lproj/LaunchScreen.storyboard; sourceTree = "<group>"; };
		F93AC3941B5B40D200EAFBEC /* Info.plist */ = {isa = PBXFileReference; lastKnownFileType = text.plist.xml; path = Info.plist; sourceTree = "<group>"; };
/* End PBXFileReference section */

/* Begin PBXFrameworksBuildPhase section */
		F93AC3821B5B40D200EAFBEC /* Frameworks */ = {
			isa = PBXFrameworksBuildPhase;
			buildActionMask = 2147483647;
			files = (
			);
			runOnlyForDeploymentPostprocessing = 0;
		};
/* End PBXFrameworksBuildPhase section */

/* Begin PBXGroup section */
		F93AC37C1B5B40D200EAFBEC = {
			isa = PBXGroup;
			children = (
				F93AC3871B5B40D200EAFBEC /* Weather */,
				F93AC3861B5B40D200EAFBEC /* Products */,
			);
			sourceTree = "<group>";
		};
		F93AC3861B5B40D200EAFBEC /* Products */ = {
			isa = PBXGroup;
			children = (
				F93AC3851B5B40D200EAFBEC /* Weather.app */,
			);
			name = Products;
			sourceTree = "<group>";
		};
		F93AC3871B5B40D200EAFBEC /* Weather */ = {
			isa = PBXGroup;
			children = (
				F93AC3881B5B40D200EAFBEC /* AppDelegate.swift */,
				F93AC38A1B5B40D200EAFBEC /* ViewController.swift */,
				F93AC38C1B5B40D200EAFBEC /* Main.storyboard */,
				F93AC38F1B5B40D200EAFBEC /* Assets.xcassets */,
				F93AC3911B5B40D200EAFBEC /* LaunchScreen.storyboard */,
				F93AC3941B5B40D200EAFBEC /* Info.plist */,
			);
			path = Weather;
			sourceTree = "<group>";
		};
/* End PBXGroup section */

/* Begin PBXNativeTarget section */
		F93AC3841B5B40D200EAFBEC /* Weather */ = {
			isa = PBXNativeTarget;
			buildConfigurationList = F93AC3971B5B40D200EAFBEC /* Build configuration list for PBXNativeTarget "Weather" */;
			buildPhases = (
				F93AC3811B5B40D200EAFBEC /* Sources */,
				F93AC3821B5B40D200EAFBEC /* Frameworks */,
				F93AC3831B5B40D200EAFBEC /* Resources */,
			);
			buildRules = (
			);
			dependencies = (
			);
			name = Weather;
			productName = Weather;
			productReference = F93AC3851B5B40D200EAFBEC /* Weather.app */;
			productType = "com.apple.product-type.application";
		};
/* End PBXNativeTarget section */

/* Begin PBXProject section */
		F93AC37D1B5B40D200EAFBEC /* Project object */ = {
			isa = PBXProject;
			attributes = {
				LastUpgradeCheck = 0700;
				ORGANIZATIONNAME = Mohit;
				TargetAttributes = {
					F93AC3841B5B40D200EAFBEC = {
						CreatedOnToolsVersion = 7.0;
					};
				};
			};
			buildConfigurationList = F93AC3801B5B40D200EAFBEC /* Build configuration list for PBXProject "Weather" */;
			compatibilityVersion = "Xcode 3.2";
			developmentRegion = English;
			hasScannedForEncodings = 0;
			knownRegions = (
				en,
				Base,
			);
			mainGroup = F93AC37C1B5B40D200EAFBEC;
			productRefGroup = F93AC3861B5B40D200EAFBEC /* Products */;
			projectDirPath = "";
			projectRoot = "";
			targets = (
				F93AC3841B5B40D200EAFBEC /* Weather */,
			);
		};
/* End PBXProject section */

/* Begin PBXResourcesBuildPhase section */
		F93AC3831B5B40D200EAFBEC /* Resources */ = {
			isa = PBXResourcesBuildPhase;
			buildActionMask = 2147483647;
			files = (
				F93AC3931B5B40D200EAFBEC /* LaunchScreen.storyboard in Resources */,
				F93AC3901B5B40D200EAFBEC /* Assets.xcassets in Resources */,
				F93AC38E1B5B40D200EAFBEC /* Main.storyboard in Resources */,
			);
			runOnlyForDeploymentPostprocessing = 0;
		};
/* End PBXResourcesBuildPhase section */

/* Begin PBXSourcesBuildPhase section */
		F93AC3811B5B40D200EAFBEC /* Sources */ = {
			isa = PBXSourcesBuildPhase;
			buildActionMask = 2147483647;
			files = (
				F93AC38B1B5B40D200EAFBEC /* ViewController.swift in Sources */,
				F93AC3891B5B40D200EAFBEC /* AppDelegate.swift in Sources */,
			);
			runOnlyForDeploymentPostprocessing = 0;
		};
/* End PBXSourcesBuildPhase section */

/* Begin PBXVariantGroup section */
		F93AC38C1B5B40D200EAFBEC /* Main.storyboard */ = {
			isa = PBXVariantGroup;
			children = (
				F93AC38D1B5B40D200EAFBEC /* Base */,
			);
			name = Main.storyboard;
			sourceTree = "<group>";
		};
		F93AC3911B5B40D200EAFBEC /* LaunchScreen.storyboard */ = {
			isa = PBXVariantGroup;
			children = (
				F93AC3921B5B40D200EAFBEC /* Base */,
			);
			name = LaunchScreen.storyboard;
			sourceTree = "<group>";
		};
/* End PBXVariantGroup section */

/* Begin XCBuildConfiguration section */
		F93AC3951B5B40D200EAFBEC /* Debug */ = {
			isa = XCBuildConfiguration;
			buildSettings = {
				ALWAYS_SEARCH_USER_PATHS = NO;
				CLANG_CXX_LANGUAGE_STANDARD = "gnu++0x";
				CLANG_CXX_LIBRARY = "libc++";
				CLANG_ENABLE_MODULES = YES;
				CLANG_ENABLE_OBJC_ARC = YES;
				CLANG_WARN_BOOL_CONVERSION = YES;
				CLANG_WARN_CONSTANT_CONVERSION = YES;
				CLANG_WARN_DIRECT_OBJC_ISA_USAGE = YES_ERROR;
				CLANG_WARN_EMPTY_BODY = YES;
				CLANG_WARN_ENUM_CONVERSION = YES;
				CLANG_WARN_INT_CONVERSION = YES;
				CLANG_WARN_OBJC_ROOT_CLASS = YES_ERROR;
				CLANG_WARN_UNREACHABLE_CODE = YES;
				CLANG_WARN__DUPLICATE_METHOD_MATCH = YES;
				"CODE_SIGN_IDENTITY[sdk=iphoneos*]" = "iPhone Developer";
				COPY_PHASE_STRIP = NO;
				DEBUG_INFORMATION_FORMAT = dwarf;
				ENABLE_STRICT_OBJC_MSGSEND = YES;
				ENABLE_TESTABILITY = YES;
				GCC_C_LANGUAGE_STANDARD = gnu99;
				GCC_DYNAMIC_NO_PIC = NO;
				GCC_NO_COMMON_BLOCKS = YES;
				GCC_OPTIMIZATION_LEVEL = 0;
				GCC_PREPROCESSOR_DEFINITIONS = (
					"DEBUG=1",
					"$(inherited)",
				);
				GCC_WARN_64_TO_32_BIT_CONVERSION = YES;
				GCC_WARN_ABOUT_RETURN_TYPE = YES_ERROR;
				GCC_WARN_UNDECLARED_SELECTOR = YES;
				GCC_WARN_UNINITIALIZED_AUTOS = YES_AGGRESSIVE;
				GCC_WARN_UNUSED_FUNCTION = YES;
				GCC_WARN_UNUSED_VARIABLE = YES;
				IPHONEOS_DEPLOYMENT_TARGET = 9.0;
				MTL_ENABLE_DEBUG_INFO = YES;
				ONLY_ACTIVE_ARCH = YES;
				SDKROOT = iphoneos;
				SWIFT_OPTIMIZATION_LEVEL = "-Onone";
			};
			name = Debug;
		};
		F93AC3961B5B40D200EAFBEC /* Release */ = {
			isa = XCBuildConfiguration;
			buildSettings = {
				ALWAYS_SEARCH_USER_PATHS = NO;
				CLANG_CXX_LANGUAGE_STANDARD = "gnu++0x";
				CLANG_CXX_LIBRARY = "libc++";
				CLANG_ENABLE_MODULES = YES;
				CLANG_ENABLE_OBJC_ARC = YES;
				CLANG_WARN_BOOL_CONVERSION = YES;
				CLANG_WARN_CONSTANT_CONVERSION = YES;
				CLANG_WARN_DIRECT_OBJC_ISA_USAGE = YES_ERROR;
				CLANG_WARN_EMPTY_BODY = YES;
				CLANG_WARN_ENUM_CONVERSION = YES;
				CLANG_WARN_INT_CONVERSION = YES;
				CLANG_WARN_OBJC_ROOT_CLASS = YES_ERROR;
				CLANG_WARN_UNREACHABLE_CODE = YES;
				CLANG_WARN__DUPLICATE_METHOD_MATCH = YES;
				"CODE_SIGN_IDENTITY[sdk=iphoneos*]" = "iPhone Developer";
				COPY_PHASE_STRIP = NO;
				DEBUG_INFORMATION_FORMAT = "dwarf-with-dsym";
				ENABLE_NS_ASSERTIONS = NO;
				ENABLE_STRICT_OBJC_MSGSEND = YES;
				GCC_C_LANGUAGE_STANDARD = gnu99;
				GCC_NO_COMMON_BLOCKS = YES;
				GCC_WARN_64_TO_32_BIT_CONVERSION = YES;
				GCC_WARN_ABOUT_RETURN_TYPE = YES_ERROR;
				GCC_WARN_UNDECLARED_SELECTOR = YES;
				GCC_WARN_UNINITIALIZED_AUTOS = YES_AGGRESSIVE;
				GCC_WARN_UNUSED_FUNCTION = YES;
				GCC_WARN_UNUSED_VARIABLE = YES;
				IPHONEOS_DEPLOYMENT_TARGET = 9.0;
				MTL_ENABLE_DEBUG_INFO = NO;
				SDKROOT = iphoneos;
				VALIDATE_PRODUCT = YES;
			};
			name = Release;
		};
		F93AC3981B5B40D200EAFBEC /* Debug */ = {
			isa = XCBuildConfiguration;
			buildSettings = {
				ASSETCATALOG_COMPILER_APPICON_NAME = AppIcon;
				INFOPLIST_FILE = Weather/Info.plist;
				LD_RUNPATH_SEARCH_PATHS = "$(inherited) @executable_path/Frameworks";
				PRODUCT_BUNDLE_IDENTIFIER = com.mohit.Weather;
				PRODUCT_NAME = "$(TARGET_NAME)";
			};
			name = Debug;
		};
		F93AC3991B5B40D200EAFBEC /* Release */ = {
			isa = XCBuildConfiguration;
			buildSettings = {
				ASSETCATALOG_COMPILER_APPICON_NAME = AppIcon;
				INFOPLIST_FILE = Weather/Info.plist;
				LD_RUNPATH_SEARCH_PATHS = "$(inherited) @executable_path/Frameworks";
				PRODUCT_BUNDLE_IDENTIFIER = com.mohit.Weather;
				PRODUCT_NAME = "$(TARGET_NAME)";
			};
			name = Release;
		};
/* End XCBuildConfiguration section */

/* Begin XCConfigurationList section */
		F93AC3801B5B40D200EAFBEC /* Build configuration list for PBXProject "Weather" */ = {
			isa = XCConfigurationList;
			buildConfigurations = (
				F93AC3951B5B40D200EAFBEC /* Debug */,
				F93AC3961B5B40D200EAFBEC /* Release */,
			);
			defaultConfigurationIsVisible = 0;
			defaultConfigurationName = Release;
		};
		F93AC3971B5B40D200EAFBEC /* Build configuration list for PBXNativeTarget "Weather" */ = {
			isa = XCConfigurationList;
			buildConfigurations = (
				F93AC3981B5B40D200EAFBEC /* Debug */,
				F93AC3991B5B40D200EAFBEC /* Release */,
			);
			defaultConfigurationIsVisible = 0;
		};
/* End XCConfigurationList section */
	};
	rootObject = F93AC37D1B5B40D200EAFBEC /* Project object */;
}
